
Microsoft Visual Studio Solution File, Format Version 12.00
# Visual Studio Version 16
VisualStudioVersion = 16.0.29318.209
MinimumVisualStudioVersion = 10.0.40219.1
Project("{FAE04EC0-301F-11D3-BF4B-00C04F79EFBC}") = "IRSData", "JoeTest\IRSData.csproj", "{5F83E8FF-6D84-4656-BB38-EB240F1EB29D}"
EndProject
Global
	GlobalSection(SolutionConfigurationPlatforms) = preSolution
		Debug|Any CPU = Debug|Any CPU
		Release|Any CPU = Release|Any CPU
	EndGlobalSection
	GlobalSection(ProjectConfigurationPlatforms) = postSolution
		{5F83E8FF-6D84-4656-BB38-EB240F1EB29D}.Debug|Any CPU.ActiveCfg = Debug|Any CPU
		{5F83E8FF-6D84-4656-BB38-EB240F1EB29D}.Debug|Any CPU.Build.0 = Debug|Any CPU
		{5F83E8FF-6D84-4656-BB38-EB240F1EB29D}.Release|Any CPU.ActiveCfg = Release|Any CPU
		{5F83E8FF-6D84-4656-BB38-EB240F1EB29D}.Release|Any CPU.Build.0 = Release|Any CPU
	EndGlobalSection
	GlobalSection(SolutionProperties) = preSolution
		HideSolutionNode = FALSE
	EndGlobalSection
	GlobalSection(ExtensibilityGlobals) = postSolution
		SolutionGuid = {5A9E3E33-7072-4EEF-AD9F-81685A16B258}
	EndGlobalSection
EndGlobal
